
Microsoft Visual Studio Solution File, Format Version 12.00
# Visual Studio 15
VisualStudioVersion = 15.0.27703.2000
MinimumVisualStudioVersion = 10.0.40219.1
Project("{FAE04EC0-301F-11D3-BF4B-00C04F79EFBC}") = "DrillDownPie", "DrillDownPie\DrillDownPie.csproj", "{52EA7792-E319-4E09-AAAF-3506876546DD}"
EndProject
Global
	GlobalSection(SolutionConfigurationPlatforms) = preSolution
		Debug|Any CPU = Debug|Any CPU
		Release|Any CPU = Release|Any CPU
	EndGlobalSection
	GlobalSection(ProjectConfigurationPlatforms) = postSolution
		{52EA7792-E319-4E09-AAAF-3506876546DD}.Debug|Any CPU.ActiveCfg = Debug|Any CPU
		{52EA7792-E319-4E09-AAAF-3506876546DD}.Debug|Any CPU.Build.0 = Debug|Any CPU
		{52EA7792-E319-4E09-AAAF-3506876546DD}.Release|Any CPU.ActiveCfg = Release|Any CPU
		{52EA7792-E319-4E09-AAAF-3506876546DD}.Release|Any CPU.Build.0 = Release|Any CPU
	EndGlobalSection
	GlobalSection(SolutionProperties) = preSolution
		HideSolutionNode = FALSE
	EndGlobalSection
	GlobalSection(ExtensibilityGlobals) = postSolution
		SolutionGuid = {15B7C7E6-C107-487D-8C3C-F0D58C1DB64B}
	EndGlobalSection
EndGlobal
